
Microsoft Visual Studio Solution File, Format Version 12.00
# Visual Studio 15
VisualStudioVersion = 15.0.28307.572
MinimumVisualStudioVersion = 10.0.40219.1
Project("{FAE04EC0-301F-11D3-BF4B-00C04F79EFBC}") = "TODO_Library", "TODO_Library\TODO_Library.csproj", "{D811F36E-3716-4F85-9286-A2EDF36C55EC}"
EndProject
Project("{FAE04EC0-301F-11D3-BF4B-00C04F79EFBC}") = "ToDoConsoleApp", "ToDoConsoleApp\ToDoConsoleApp.csproj", "{0B178909-8230-4F72-9005-BFB04C15356A}"
EndProject
Global
	GlobalSection(SolutionConfigurationPlatforms) = preSolution
		Debug|Any CPU = Debug|Any CPU
		Release|Any CPU = Release|Any CPU
	EndGlobalSection
	GlobalSection(ProjectConfigurationPlatforms) = postSolution
		{D811F36E-3716-4F85-9286-A2EDF36C55EC}.Debug|Any CPU.ActiveCfg = Debug|Any CPU
		{D811F36E-3716-4F85-9286-A2EDF36C55EC}.Debug|Any CPU.Build.0 = Debug|Any CPU
		{D811F36E-3716-4F85-9286-A2EDF36C55EC}.Release|Any CPU.ActiveCfg = Release|Any CPU
		{D811F36E-3716-4F85-9286-A2EDF36C55EC}.Release|Any CPU.Build.0 = Release|Any CPU
		{0B178909-8230-4F72-9005-BFB04C15356A}.Debug|Any CPU.ActiveCfg = Debug|Any CPU
		{0B178909-8230-4F72-9005-BFB04C15356A}.Debug|Any CPU.Build.0 = Debug|Any CPU
		{0B178909-8230-4F72-9005-BFB04C15356A}.Release|Any CPU.ActiveCfg = Release|Any CPU
		{0B178909-8230-4F72-9005-BFB04C15356A}.Release|Any CPU.Build.0 = Release|Any CPU
	EndGlobalSection
	GlobalSection(SolutionProperties) = preSolution
		HideSolutionNode = FALSE
	EndGlobalSection
	GlobalSection(ExtensibilityGlobals) = postSolution
		SolutionGuid = {2A1D04EE-3942-4FB5-BDFB-4C6232B2CBE8}
	EndGlobalSection
EndGlobal
